
Microsoft Visual Studio Solution File, Format Version 10.00
# Visual Studio 2008
Project("{F184B08F-C81C-45F6-A57F-5ABD9991F28F}") = "calculator", "calculator\calculator.vbproj", "{72BEBAFA-4535-4389-A842-735A82905FCB}"
EndProject
Global
	GlobalSection(SolutionConfigurationPlatforms) = preSolution
		Debug|Any CPU = Debug|Any CPU
		Release|Any CPU = Release|Any CPU
	EndGlobalSection
	GlobalSection(ProjectConfigurationPlatforms) = postSolution
		{72BEBAFA-4535-4389-A842-735A82905FCB}.Debug|Any CPU.ActiveCfg = Debug|Any CPU
		{72BEBAFA-4535-4389-A842-735A82905FCB}.Debug|Any CPU.Build.0 = Debug|Any CPU
		{72BEBAFA-4535-4389-A842-735A82905FCB}.Release|Any CPU.ActiveCfg = Release|Any CPU
		{72BEBAFA-4535-4389-A842-735A82905FCB}.Release|Any CPU.Build.0 = Release|Any CPU
	EndGlobalSection
	GlobalSection(SolutionProperties) = preSolution
		HideSolutionNode = FALSE
	EndGlobalSection
EndGlobal
