
Microsoft Visual Studio Solution File, Format Version 10.00
# Visual Studio 2008
Project("{F184B08F-C81C-45F6-A57F-5ABD9991F28F}") = "employeeProject", "employeeProject\employeeProject.vbproj", "{83D7DE26-F089-4F08-B8D0-793ABB753999}"
EndProject
Global
	GlobalSection(SolutionConfigurationPlatforms) = preSolution
		Debug|Any CPU = Debug|Any CPU
		Debug|x64 = Debug|x64
		Debug|x86 = Debug|x86
		Release|Any CPU = Release|Any CPU
		Release|x64 = Release|x64
		Release|x86 = Release|x86
	EndGlobalSection
	GlobalSection(ProjectConfigurationPlatforms) = postSolution
		{83D7DE26-F089-4F08-B8D0-793ABB753999}.Debug|Any CPU.ActiveCfg = Debug|x86
		{83D7DE26-F089-4F08-B8D0-793ABB753999}.Debug|Any CPU.Build.0 = Debug|x86
		{83D7DE26-F089-4F08-B8D0-793ABB753999}.Debug|x64.ActiveCfg = Debug|x64
		{83D7DE26-F089-4F08-B8D0-793ABB753999}.Debug|x64.Build.0 = Debug|x64
		{83D7DE26-F089-4F08-B8D0-793ABB753999}.Debug|x86.ActiveCfg = Debug|x86
		{83D7DE26-F089-4F08-B8D0-793ABB753999}.Debug|x86.Build.0 = Debug|x86
		{83D7DE26-F089-4F08-B8D0-793ABB753999}.Release|Any CPU.ActiveCfg = Release|Any CPU
		{83D7DE26-F089-4F08-B8D0-793ABB753999}.Release|Any CPU.Build.0 = Release|Any CPU
		{83D7DE26-F089-4F08-B8D0-793ABB753999}.Release|x64.ActiveCfg = Release|x64
		{83D7DE26-F089-4F08-B8D0-793ABB753999}.Release|x64.Build.0 = Release|x64
		{83D7DE26-F089-4F08-B8D0-793ABB753999}.Release|x86.ActiveCfg = Release|x86
		{83D7DE26-F089-4F08-B8D0-793ABB753999}.Release|x86.Build.0 = Release|x86
	EndGlobalSection
	GlobalSection(SolutionProperties) = preSolution
		HideSolutionNode = FALSE
	EndGlobalSection
EndGlobal
